
Microsoft Visual Studio Solution File, Format Version 12.00
# Visual Studio 15
VisualStudioVersion = 15.0.28307.705
MinimumVisualStudioVersion = 10.0.40219.1
Project("{9A19103F-16F7-4668-BE54-9A1E7A4F7556}") = "MeetupRsvp", "MeetupRsvp\MeetupRsvp.csproj", "{03A16751-57E4-41A1-8639-068C3D0E79A2}"
EndProject
Project("{9A19103F-16F7-4668-BE54-9A1E7A4F7556}") = "MeetupRsvp.Data", "MeetupRsvp.Data\MeetupRsvp.Data.csproj", "{2F94FDFD-6992-4BA6-A62C-4288B1ABA99C}"
EndProject
Project("{FAE04EC0-301F-11D3-BF4B-00C04F79EFBC}") = "MeetupRsvp.Core", "MeetupRsvp.Core\MeetupRsvp.Core.csproj", "{71F53084-7155-4B6C-A17C-2CF6CE6CA710}"
EndProject
Global
	GlobalSection(SolutionConfigurationPlatforms) = preSolution
		Debug|Any CPU = Debug|Any CPU
		Release|Any CPU = Release|Any CPU
	EndGlobalSection
	GlobalSection(ProjectConfigurationPlatforms) = postSolution
		{03A16751-57E4-41A1-8639-068C3D0E79A2}.Debug|Any CPU.ActiveCfg = Debug|Any CPU
		{03A16751-57E4-41A1-8639-068C3D0E79A2}.Debug|Any CPU.Build.0 = Debug|Any CPU
		{03A16751-57E4-41A1-8639-068C3D0E79A2}.Release|Any CPU.ActiveCfg = Release|Any CPU
		{03A16751-57E4-41A1-8639-068C3D0E79A2}.Release|Any CPU.Build.0 = Release|Any CPU
		{2F94FDFD-6992-4BA6-A62C-4288B1ABA99C}.Debug|Any CPU.ActiveCfg = Debug|Any CPU
		{2F94FDFD-6992-4BA6-A62C-4288B1ABA99C}.Debug|Any CPU.Build.0 = Debug|Any CPU
		{2F94FDFD-6992-4BA6-A62C-4288B1ABA99C}.Release|Any CPU.ActiveCfg = Release|Any CPU
		{2F94FDFD-6992-4BA6-A62C-4288B1ABA99C}.Release|Any CPU.Build.0 = Release|Any CPU
		{71F53084-7155-4B6C-A17C-2CF6CE6CA710}.Debug|Any CPU.ActiveCfg = Debug|Any CPU
		{71F53084-7155-4B6C-A17C-2CF6CE6CA710}.Debug|Any CPU.Build.0 = Debug|Any CPU
		{71F53084-7155-4B6C-A17C-2CF6CE6CA710}.Release|Any CPU.ActiveCfg = Release|Any CPU
		{71F53084-7155-4B6C-A17C-2CF6CE6CA710}.Release|Any CPU.Build.0 = Release|Any CPU
	EndGlobalSection
	GlobalSection(SolutionProperties) = preSolution
		HideSolutionNode = FALSE
	EndGlobalSection
	GlobalSection(ExtensibilityGlobals) = postSolution
		SolutionGuid = {D241DE43-9D70-4B40-A676-276E57830B81}
	EndGlobalSection
EndGlobal
